speakeasyVersion: 1.308.1
sources:
    openapi:
        sourceNamespace: json-development
        sourceRevisionDigest: sha256:902ec0e477d78a66e660f3fa4e10bdce76aa0af2ef7e335b3279e69d5f3f5d38
        sourceBlobDigest: sha256:ee2602f8ea2a6eb512f703d13629be732af200ccc11f65c186738ece5b801f71
        tags:
            - latest
            - main
    sample-source:
        sourceNamespace: sample-source
        sourceRevisionDigest: sha256:a253f99d18abdc584d230b02536738087143f3d8ccf74e371cbd29b156830574
        sourceBlobDigest: sha256:13706d62886468eb50561fb3247cd976d5c881658a5e81127fc365ab06fc0f93
        tags:
            - latest
targets:
    my-first-target:
        source: openapi
        sourceNamespace: json-development
        sourceRevisionDigest: sha256:902ec0e477d78a66e660f3fa4e10bdce76aa0af2ef7e335b3279e69d5f3f5d38
        sourceBlobDigest: sha256:ee2602f8ea2a6eb512f703d13629be732af200ccc11f65c186738ece5b801f71
        outLocation: /github/workspace/repo
workflow:
    workflowVersion: 1.0.0
    speakeasyVersion: latest
    sources:
        openapi:
            inputs:
                - location: ./sources/openapi.sdk.json
            overlays:
                - location: ./sources/remove-headers-overlay.yaml
            registry:
                location: registry.speakeasyapi.dev/novu/novu/json-development
    targets:
        my-first-target:
            target: java
            source: openapi
